Microsoft Visual Studio Solution File, Format Version 12.00
# Visual Studio Version 17
VisualStudioVersion = 17.0.31912.275
MinimumVisualStudioVersion = 10.0.40219.1
Project("{FAE04EC0-301F-11D3-BF4B-00C04F79EFBC}") = "ChengFenStore", "ChengFenStore\ChengFenStore.csproj", "{8A2F5E1B-5A5B-4D3A-8A2F-5E1B5A5B4D3A}"
EndProject
Global
	GlobalSection(SolutionConfigurationPlatforms) = preSolution
		Debug|Any CPU = Debug|Any CPU
		Release|Any CPU = Release|Any CPU
	EndGlobalSection
	GlobalSection(ProjectConfigurationPlatforms) = postSolution
		{8A2F5E1B-5A5B-4D3A-8A2F-5E1B5A5B4D3A}.Debug|Any CPU.ActiveCfg = Debug|Any CPU
		{8A2F5E1B-5A5B-4D3A-8A2F-5E1B5A5B4D3A}.Debug|Any CPU.Build.0 = Debug|Any CPU
		{8A2F5E1B-5A5B-4D3A-8A2F-5E1B5A5B4D3A}.Release|Any CPU.ActiveCfg = Release|Any CPU
		{8A2F5E1B-5A5B-4D3A-8A2F-5E1B5A5B4D3A}.Release|Any CPU.Build.0 = Release|Any CPU
	EndGlobalSection
	GlobalSection(SolutionProperties) = preSolution
		HideSolutionNode = FALSE
	EndGlobalSection
EndGlobal
